
Microsoft Visual Studio Solution File, Format Version 12.00
# Visual Studio 15
Project("{FAE04EC0-301F-11D3-BF4B-00C04F79EFBC}") = "UnityEngine.TestRunner", "UnityEngine.TestRunner.csproj", "{1B0536A7-E89C-9A47-E7E6-647ABFB6E104}"
EndProject
Project("{FAE04EC0-301F-11D3-BF4B-00C04F79EFBC}") = "Unity.2D.Animation.Triangle.Runtime", "Unity.2D.Animation.Triangle.Runtime.csproj", "{79AB877C-15B7-6D33-ACE2-592064C0E050}"
EndProject
Project("{FAE04EC0-301F-11D3-BF4B-00C04F79EFBC}") = "UnityEngine.UI", "UnityEngine.UI.csproj", "{673C0F15-6692-39FF-E389-EF42B72F07E4}"
EndProject
Project("{FAE04EC0-301F-11D3-BF4B-00C04F79EFBC}") = "Unity.TextMeshPro", "Unity.TextMeshPro.csproj", "{5C2537B7-5C5C-D800-A9E6-BAACD1C9D649}"
EndProject
Project("{FAE04EC0-301F-11D3-BF4B-00C04F79EFBC}") = "Unity.2D.Animation.Runtime", "Unity.2D.Animation.Runtime.csproj", "{3408C208-86D9-B17E-5337-1EF44A235243}"
EndProject
Project("{FAE04EC0-301F-11D3-BF4B-00C04F79EFBC}") = "Unity.Timeline", "Unity.Timeline.csproj", "{6D703248-CB19-E628-9EE2-CB4702E25119}"
EndProject
Project("{FAE04EC0-301F-11D3-BF4B-00C04F79EFBC}") = "Unity.Mathematics", "Unity.Mathematics.csproj", "{49FAA2D4-F71C-9BEB-96B7-CFD98EB4FC42}"
EndProject
Project("{FAE04EC0-301F-11D3-BF4B-00C04F79EFBC}") = "Unity.2D.SpriteShape.Runtime", "Unity.2D.SpriteShape.Runtime.csproj", "{0565C044-BEAA-E0DD-01A3-23E06E208CB4}"
EndProject
Project("{FAE04EC0-301F-11D3-BF4B-00C04F79EFBC}") = "Assembly-CSharp", "Assembly-CSharp.csproj", "{C11CCD66-D5F5-2C4E-3695-243F08C9C7F0}"
EndProject
Project("{FAE04EC0-301F-11D3-BF4B-00C04F79EFBC}") = "Unity.2D.PixelPerfect", "Unity.2D.PixelPerfect.csproj", "{3EF2E389-39A1-DB91-33FF-A490B3CA5860}"
EndProject
Project("{FAE04EC0-301F-11D3-BF4B-00C04F79EFBC}") = "Unity.Notifications.Android", "Unity.Notifications.Android.csproj", "{75D6B8AE-B1D5-1CD4-260B-B95505711C5F}"
EndProject
Project("{FAE04EC0-301F-11D3-BF4B-00C04F79EFBC}") = "Unity.Notifications.iOS", "Unity.Notifications.iOS.csproj", "{2AD86544-6360-5CC3-DDCC-6B79F6E731A3}"
EndProject
Project("{FAE04EC0-301F-11D3-BF4B-00C04F79EFBC}") = "Unity.InternalAPIEngineBridge.001", "Unity.InternalAPIEngineBridge.001.csproj", "{F0FF83EF-279E-D38B-D996-BD7D27EFCB71}"
EndProject
Project("{FAE04EC0-301F-11D3-BF4B-00C04F79EFBC}") = "Unity.2D.Common.Runtime", "Unity.2D.Common.Runtime.csproj", "{2E54388B-B5DF-1EC6-418D-CC9CB0163CCB}"
EndProject
Project("{FAE04EC0-301F-11D3-BF4B-00C04F79EFBC}") = "UnityEditor.TestRunner", "UnityEditor.TestRunner.csproj", "{AB3C068C-F15B-A2D3-B4C8-061359E5E5A1}"
EndProject
Project("{FAE04EC0-301F-11D3-BF4B-00C04F79EFBC}") = "Unity.TextMeshPro.Editor", "Unity.TextMeshPro.Editor.csproj", "{2914E749-6524-03B2-5DCB-235ECA2E9584}"
EndProject
Project("{FAE04EC0-301F-11D3-BF4B-00C04F79EFBC}") = "Unity.Timeline.Editor", "Unity.Timeline.Editor.csproj", "{26730A3F-3EEC-E25F-3F98-89816874457C}"
EndProject
Project("{FAE04EC0-301F-11D3-BF4B-00C04F79EFBC}") = "Unity.2D.Animation.Editor", "Unity.2D.Animation.Editor.csproj", "{173825D9-BF9A-CB99-15D4-D785A277C769}"
EndProject
Project("{FAE04EC0-301F-11D3-BF4B-00C04F79EFBC}") = "Unity.2D.Path.Editor", "Unity.2D.Path.Editor.csproj", "{EFCE6200-5F36-8D2A-D855-1FB16E9205B6}"
EndProject
Project("{FAE04EC0-301F-11D3-BF4B-00C04F79EFBC}") = "Unity.2D.Sprite.Editor", "Unity.2D.Sprite.Editor.csproj", "{C677B430-93EC-C2DB-3201-6DF26D9E79A8}"
EndProject
Project("{FAE04EC0-301F-11D3-BF4B-00C04F79EFBC}") = "UnityEditor.UI", "UnityEditor.UI.csproj", "{7F4D7D7B-7BFF-D56F-E44F-E9EC173CFE14}"
EndProject
Project("{FAE04EC0-301F-11D3-BF4B-00C04F79EFBC}") = "Unity.Mobile.AndroidLogcat.Editor", "Unity.Mobile.AndroidLogcat.Editor.csproj", "{1B04A159-BAFD-8F9B-CCA9-E9056AC6FF12}"
EndProject
Project("{FAE04EC0-301F-11D3-BF4B-00C04F79EFBC}") = "Unity.Rider.Editor", "Unity.Rider.Editor.csproj", "{5B37890A-80AD-8553-FC30-B01ABE85D341}"
EndProject
Project("{FAE04EC0-301F-11D3-BF4B-00C04F79EFBC}") = "Unity.2D.Tilemap.Editor", "Unity.2D.Tilemap.Editor.csproj", "{2E7E8E37-A28D-CFF5-A340-7F3AA06789FE}"
EndProject
Project("{FAE04EC0-301F-11D3-BF4B-00C04F79EFBC}") = "Unity.2D.SpriteShape.Editor", "Unity.2D.SpriteShape.Editor.csproj", "{7FAD3D99-AB61-27C4-021E-48A0D663AA4F}"
EndProject
Project("{FAE04EC0-301F-11D3-BF4B-00C04F79EFBC}") = "PsdPlugin", "PsdPlugin.csproj", "{80263A4E-F923-22EE-C669-5FCDA1E502B6}"
EndProject
Project("{FAE04EC0-301F-11D3-BF4B-00C04F79EFBC}") = "Unity.CollabProxy.Editor", "Unity.CollabProxy.Editor.csproj", "{1CB52276-80BC-91EF-0690-C251F3702B70}"
EndProject
Project("{FAE04EC0-301F-11D3-BF4B-00C04F79EFBC}") = "Unity.2D.Common.Editor", "Unity.2D.Common.Editor.csproj", "{1705E525-697A-871C-0450-6B358E09C459}"
EndProject
Project("{FAE04EC0-301F-11D3-BF4B-00C04F79EFBC}") = "Unity.VSCode.Editor", "Unity.VSCode.Editor.csproj", "{DFFB1CF8-198E-7CA2-CDDE-03C73C03A351}"
EndProject
Project("{FAE04EC0-301F-11D3-BF4B-00C04F79EFBC}") = "Unity.2D.Psdimporter.Editor", "Unity.2D.Psdimporter.Editor.csproj", "{F8697D95-DDF8-49E9-528A-87BD07DF17ED}"
EndProject
Project("{FAE04EC0-301F-11D3-BF4B-00C04F79EFBC}") = "Unity.Notifications", "Unity.Notifications.csproj", "{FC09F02A-79BC-4FBB-C89D-258D68BF1ECC}"
EndProject
Project("{FAE04EC0-301F-11D3-BF4B-00C04F79EFBC}") = "Unity.2D.PixelPerfect.Editor", "Unity.2D.PixelPerfect.Editor.csproj", "{70066E0F-089D-7753-00C6-27E81E6CBAC5}"
EndProject
Project("{FAE04EC0-301F-11D3-BF4B-00C04F79EFBC}") = "Unity.Mathematics.Editor", "Unity.Mathematics.Editor.csproj", "{2D6EA986-90E8-A695-E117-23A715817833}"
EndProject
Project("{FAE04EC0-301F-11D3-BF4B-00C04F79EFBC}") = "Unity.InternalAPIEditorBridge.001", "Unity.InternalAPIEditorBridge.001.csproj", "{0A669BF3-E52F-8D38-39AC-0B4099E45BB6}"
EndProject
Project("{FAE04EC0-301F-11D3-BF4B-00C04F79EFBC}") = "Assembly-CSharp.Player", "Assembly-CSharp.Player.csproj", "{6066E543-6188-A440-E372-875A7F02E00F}"
EndProject
Global
	GlobalSection(SolutionConfigurationPlatforms) = preSolution
		Debug|Any CPU = Debug|Any CPU
		Release|Any CPU = Release|Any CPU
	EndGlobalSection
	GlobalSection(ProjectConfigurationPlatforms) = postSolution
		{1B0536A7-E89C-9A47-E7E6-647ABFB6E104}.Debug|Any CPU.ActiveCfg = Debug|Any CPU
		{1B0536A7-E89C-9A47-E7E6-647ABFB6E104}.Debug|Any CPU.Build.0 = Debug|Any CPU
		{1B0536A7-E89C-9A47-E7E6-647ABFB6E104}.Release|Any CPU.ActiveCfg = Release|Any CPU
		{1B0536A7-E89C-9A47-E7E6-647ABFB6E104}.Release|Any CPU.Build.0 = Release|Any CPU
		{79AB877C-15B7-6D33-ACE2-592064C0E050}.Debug|Any CPU.ActiveCfg = Debug|Any CPU
		{79AB877C-15B7-6D33-ACE2-592064C0E050}.Debug|Any CPU.Build.0 = Debug|Any CPU
		{79AB877C-15B7-6D33-ACE2-592064C0E050}.Release|Any CPU.ActiveCfg = Release|Any CPU
		{79AB877C-15B7-6D33-ACE2-592064C0E050}.Release|Any CPU.Build.0 = Release|Any CPU
		{673C0F15-6692-39FF-E389-EF42B72F07E4}.Debug|Any CPU.ActiveCfg = Debug|Any CPU
		{673C0F15-6692-39FF-E389-EF42B72F07E4}.Debug|Any CPU.Build.0 = Debug|Any CPU
		{673C0F15-6692-39FF-E389-EF42B72F07E4}.Release|Any CPU.ActiveCfg = Release|Any CPU
		{673C0F15-6692-39FF-E389-EF42B72F07E4}.Release|Any CPU.Build.0 = Release|Any CPU
		{5C2537B7-5C5C-D800-A9E6-BAACD1C9D649}.Debug|Any CPU.ActiveCfg = Debug|Any CPU
		{5C2537B7-5C5C-D800-A9E6-BAACD1C9D649}.Debug|Any CPU.Build.0 = Debug|Any CPU
		{5C2537B7-5C5C-D800-A9E6-BAACD1C9D649}.Release|Any CPU.ActiveCfg = Release|Any CPU
		{5C2537B7-5C5C-D800-A9E6-BAACD1C9D649}.Release|Any CPU.Build.0 = Release|Any CPU
		{3408C208-86D9-B17E-5337-1EF44A235243}.Debug|Any CPU.ActiveCfg = Debug|Any CPU
		{3408C208-86D9-B17E-5337-1EF44A235243}.Debug|Any CPU.Build.0 = Debug|Any CPU
		{3408C208-86D9-B17E-5337-1EF44A235243}.Release|Any CPU.ActiveCfg = Release|Any CPU
		{3408C208-86D9-B17E-5337-1EF44A235243}.Release|Any CPU.Build.0 = Release|Any CPU
		{6D703248-CB19-E628-9EE2-CB4702E25119}.Debug|Any CPU.ActiveCfg = Debug|Any CPU
		{6D703248-CB19-E628-9EE2-CB4702E25119}.Debug|Any CPU.Build.0 = Debug|Any CPU
		{6D703248-CB19-E628-9EE2-CB4702E25119}.Release|Any CPU.ActiveCfg = Release|Any CPU
		{6D703248-CB19-E628-9EE2-CB4702E25119}.Release|Any CPU.Build.0 = Release|Any CPU
		{49FAA2D4-F71C-9BEB-96B7-CFD98EB4FC42}.Debug|Any CPU.ActiveCfg = Debug|Any CPU
		{49FAA2D4-F71C-9BEB-96B7-CFD98EB4FC42}.Debug|Any CPU.Build.0 = Debug|Any CPU
		{49FAA2D4-F71C-9BEB-96B7-CFD98EB4FC42}.Release|Any CPU.ActiveCfg = Release|Any CPU
		{49FAA2D4-F71C-9BEB-96B7-CFD98EB4FC42}.Release|Any CPU.Build.0 = Release|Any CPU
		{0565C044-BEAA-E0DD-01A3-23E06E208CB4}.Debug|Any CPU.ActiveCfg = Debug|Any CPU
		{0565C044-BEAA-E0DD-01A3-23E06E208CB4}.Debug|Any CPU.Build.0 = Debug|Any CPU
		{0565C044-BEAA-E0DD-01A3-23E06E208CB4}.Release|Any CPU.ActiveCfg = Release|Any CPU
		{0565C044-BEAA-E0DD-01A3-23E06E208CB4}.Release|Any CPU.Build.0 = Release|Any CPU
		{C11CCD66-D5F5-2C4E-3695-243F08C9C7F0}.Debug|Any CPU.ActiveCfg = Debug|Any CPU
		{C11CCD66-D5F5-2C4E-3695-243F08C9C7F0}.Debug|Any CPU.Build.0 = Debug|Any CPU
		{C11CCD66-D5F5-2C4E-3695-243F08C9C7F0}.Release|Any CPU.ActiveCfg = Release|Any CPU
		{C11CCD66-D5F5-2C4E-3695-243F08C9C7F0}.Release|Any CPU.Build.0 = Release|Any CPU
		{3EF2E389-39A1-DB91-33FF-A490B3CA5860}.Debug|Any CPU.ActiveCfg = Debug|Any CPU
		{3EF2E389-39A1-DB91-33FF-A490B3CA5860}.Debug|Any CPU.Build.0 = Debug|Any CPU
		{3EF2E389-39A1-DB91-33FF-A490B3CA5860}.Release|Any CPU.ActiveCfg = Release|Any CPU
		{3EF2E389-39A1-DB91-33FF-A490B3CA5860}.Release|Any CPU.Build.0 = Release|Any CPU
		{75D6B8AE-B1D5-1CD4-260B-B95505711C5F}.Debug|Any CPU.ActiveCfg = Debug|Any CPU
		{75D6B8AE-B1D5-1CD4-260B-B95505711C5F}.Debug|Any CPU.Build.0 = Debug|Any CPU
		{75D6B8AE-B1D5-1CD4-260B-B95505711C5F}.Release|Any CPU.ActiveCfg = Release|Any CPU
		{75D6B8AE-B1D5-1CD4-260B-B95505711C5F}.Release|Any CPU.Build.0 = Release|Any CPU
		{2AD86544-6360-5CC3-DDCC-6B79F6E731A3}.Debug|Any CPU.ActiveCfg = Debug|Any CPU
		{2AD86544-6360-5CC3-DDCC-6B79F6E731A3}.Debug|Any CPU.Build.0 = Debug|Any CPU
		{2AD86544-6360-5CC3-DDCC-6B79F6E731A3}.Release|Any CPU.ActiveCfg = Release|Any CPU
		{2AD86544-6360-5CC3-DDCC-6B79F6E731A3}.Release|Any CPU.Build.0 = Release|Any CPU
		{F0FF83EF-279E-D38B-D996-BD7D27EFCB71}.Debug|Any CPU.ActiveCfg = Debug|Any CPU
		{F0FF83EF-279E-D38B-D996-BD7D27EFCB71}.Debug|Any CPU.Build.0 = Debug|Any CPU
		{F0FF83EF-279E-D38B-D996-BD7D27EFCB71}.Release|Any CPU.ActiveCfg = Release|Any CPU
		{F0FF83EF-279E-D38B-D996-BD7D27EFCB71}.Release|Any CPU.Build.0 = Release|Any CPU
		{2E54388B-B5DF-1EC6-418D-CC9CB0163CCB}.Debug|Any CPU.ActiveCfg = Debug|Any CPU
		{2E54388B-B5DF-1EC6-418D-CC9CB0163CCB}.Debug|Any CPU.Build.0 = Debug|Any CPU
		{2E54388B-B5DF-1EC6-418D-CC9CB0163CCB}.Release|Any CPU.ActiveCfg = Release|Any CPU
		{2E54388B-B5DF-1EC6-418D-CC9CB0163CCB}.Release|Any CPU.Build.0 = Release|Any CPU
		{AB3C068C-F15B-A2D3-B4C8-061359E5E5A1}.Debug|Any CPU.ActiveCfg = Debug|Any CPU
		{AB3C068C-F15B-A2D3-B4C8-061359E5E5A1}.Debug|Any CPU.Build.0 = Debug|Any CPU
		{AB3C068C-F15B-A2D3-B4C8-061359E5E5A1}.Release|Any CPU.ActiveCfg = Release|Any CPU
		{AB3C068C-F15B-A2D3-B4C8-061359E5E5A1}.Release|Any CPU.Build.0 = Release|Any CPU
		{2914E749-6524-03B2-5DCB-235ECA2E9584}.Debug|Any CPU.ActiveCfg = Debug|Any CPU
		{2914E749-6524-03B2-5DCB-235ECA2E9584}.Debug|Any CPU.Build.0 = Debug|Any CPU
		{2914E749-6524-03B2-5DCB-235ECA2E9584}.Release|Any CPU.ActiveCfg = Release|Any CPU
		{2914E749-6524-03B2-5DCB-235ECA2E9584}.Release|Any CPU.Build.0 = Release|Any CPU
		{26730A3F-3EEC-E25F-3F98-89816874457C}.Debug|Any CPU.ActiveCfg = Debug|Any CPU
		{26730A3F-3EEC-E25F-3F98-89816874457C}.Debug|Any CPU.Build.0 = Debug|Any CPU
		{26730A3F-3EEC-E25F-3F98-89816874457C}.Release|Any CPU.ActiveCfg = Release|Any CPU
		{26730A3F-3EEC-E25F-3F98-89816874457C}.Release|Any CPU.Build.0 = Release|Any CPU
		{173825D9-BF9A-CB99-15D4-D785A277C769}.Debug|Any CPU.ActiveCfg = Debug|Any CPU
		{173825D9-BF9A-CB99-15D4-D785A277C769}.Debug|Any CPU.Build.0 = Debug|Any CPU
		{173825D9-BF9A-CB99-15D4-D785A277C769}.Release|Any CPU.ActiveCfg = Release|Any CPU
		{173825D9-BF9A-CB99-15D4-D785A277C769}.Release|Any CPU.Build.0 = Release|Any CPU
		{EFCE6200-5F36-8D2A-D855-1FB16E9205B6}.Debug|Any CPU.ActiveCfg = Debug|Any CPU
		{EFCE6200-5F36-8D2A-D855-1FB16E9205B6}.Debug|Any CPU.Build.0 = Debug|Any CPU
		{EFCE6200-5F36-8D2A-D855-1FB16E9205B6}.Release|Any CPU.ActiveCfg = Release|Any CPU
		{EFCE6200-5F36-8D2A-D855-1FB16E9205B6}.Release|Any CPU.Build.0 = Release|Any CPU
		{C677B430-93EC-C2DB-3201-6DF26D9E79A8}.Debug|Any CPU.ActiveCfg = Debug|Any CPU
		{C677B430-93EC-C2DB-3201-6DF26D9E79A8}.Debug|Any CPU.Build.0 = Debug|Any CPU
		{C677B430-93EC-C2DB-3201-6DF26D9E79A8}.Release|Any CPU.ActiveCfg = Release|Any CPU
		{C677B430-93EC-C2DB-3201-6DF26D9E79A8}.Release|Any CPU.Build.0 = Release|Any CPU
		{7F4D7D7B-7BFF-D56F-E44F-E9EC173CFE14}.Debug|Any CPU.ActiveCfg = Debug|Any CPU
		{7F4D7D7B-7BFF-D56F-E44F-E9EC173CFE14}.Debug|Any CPU.Build.0 = Debug|Any CPU
		{7F4D7D7B-7BFF-D56F-E44F-E9EC173CFE14}.Release|Any CPU.ActiveCfg = Release|Any CPU
		{7F4D7D7B-7BFF-D56F-E44F-E9EC173CFE14}.Release|Any CPU.Build.0 = Release|Any CPU
		{1B04A159-BAFD-8F9B-CCA9-E9056AC6FF12}.Debug|Any CPU.ActiveCfg = Debug|Any CPU
		{1B04A159-BAFD-8F9B-CCA9-E9056AC6FF12}.Debug|Any CPU.Build.0 = Debug|Any CPU
		{1B04A159-BAFD-8F9B-CCA9-E9056AC6FF12}.Release|Any CPU.ActiveCfg = Release|Any CPU
		{1B04A159-BAFD-8F9B-CCA9-E9056AC6FF12}.Release|Any CPU.Build.0 = Release|Any CPU
		{5B37890A-80AD-8553-FC30-B01ABE85D341}.Debug|Any CPU.ActiveCfg = Debug|Any CPU
		{5B37890A-80AD-8553-FC30-B01ABE85D341}.Debug|Any CPU.Build.0 = Debug|Any CPU
		{5B37890A-80AD-8553-FC30-B01ABE85D341}.Release|Any CPU.ActiveCfg = Release|Any CPU
		{5B37890A-80AD-8553-FC30-B01ABE85D341}.Release|Any CPU.Build.0 = Release|Any CPU
		{2E7E8E37-A28D-CFF5-A340-7F3AA06789FE}.Debug|Any CPU.ActiveCfg = Debug|Any CPU
		{2E7E8E37-A28D-CFF5-A340-7F3AA06789FE}.Debug|Any CPU.Build.0 = Debug|Any CPU
		{2E7E8E37-A28D-CFF5-A340-7F3AA06789FE}.Release|Any CPU.ActiveCfg = Release|Any CPU
		{2E7E8E37-A28D-CFF5-A340-7F3AA06789FE}.Release|Any CPU.Build.0 = Release|Any CPU
		{7FAD3D99-AB61-27C4-021E-48A0D663AA4F}.Debug|Any CPU.ActiveCfg = Debug|Any CPU
		{7FAD3D99-AB61-27C4-021E-48A0D663AA4F}.Debug|Any CPU.Build.0 = Debug|Any CPU
		{7FAD3D99-AB61-27C4-021E-48A0D663AA4F}.Release|Any CPU.ActiveCfg = Release|Any CPU
		{7FAD3D99-AB61-27C4-021E-48A0D663AA4F}.Release|Any CPU.Build.0 = Release|Any CPU
		{80263A4E-F923-22EE-C669-5FCDA1E502B6}.Debug|Any CPU.ActiveCfg = Debug|Any CPU
		{80263A4E-F923-22EE-C669-5FCDA1E502B6}.Debug|Any CPU.Build.0 = Debug|Any CPU
		{80263A4E-F923-22EE-C669-5FCDA1E502B6}.Release|Any CPU.ActiveCfg = Release|Any CPU
		{80263A4E-F923-22EE-C669-5FCDA1E502B6}.Release|Any CPU.Build.0 = Release|Any CPU
		{1CB52276-80BC-91EF-0690-C251F3702B70}.Debug|Any CPU.ActiveCfg = Debug|Any CPU
		{1CB52276-80BC-91EF-0690-C251F3702B70}.Debug|Any CPU.Build.0 = Debug|Any CPU
		{1CB52276-80BC-91EF-0690-C251F3702B70}.Release|Any CPU.ActiveCfg = Release|Any CPU
		{1CB52276-80BC-91EF-0690-C251F3702B70}.Release|Any CPU.Build.0 = Release|Any CPU
		{1705E525-697A-871C-0450-6B358E09C459}.Debug|Any CPU.ActiveCfg = Debug|Any CPU
		{1705E525-697A-871C-0450-6B358E09C459}.Debug|Any CPU.Build.0 = Debug|Any CPU
		{1705E525-697A-871C-0450-6B358E09C459}.Release|Any CPU.ActiveCfg = Release|Any CPU
		{1705E525-697A-871C-0450-6B358E09C459}.Release|Any CPU.Build.0 = Release|Any CPU
		{DFFB1CF8-198E-7CA2-CDDE-03C73C03A351}.Debug|Any CPU.ActiveCfg = Debug|Any CPU
		{DFFB1CF8-198E-7CA2-CDDE-03C73C03A351}.Debug|Any CPU.Build.0 = Debug|Any CPU
		{DFFB1CF8-198E-7CA2-CDDE-03C73C03A351}.Release|Any CPU.ActiveCfg = Release|Any CPU
		{DFFB1CF8-198E-7CA2-CDDE-03C73C03A351}.Release|Any CPU.Build.0 = Release|Any CPU
		{F8697D95-DDF8-49E9-528A-87BD07DF17ED}.Debug|Any CPU.ActiveCfg = Debug|Any CPU
		{F8697D95-DDF8-49E9-528A-87BD07DF17ED}.Debug|Any CPU.Build.0 = Debug|Any CPU
		{F8697D95-DDF8-49E9-528A-87BD07DF17ED}.Release|Any CPU.ActiveCfg = Release|Any CPU
		{F8697D95-DDF8-49E9-528A-87BD07DF17ED}.Release|Any CPU.Build.0 = Release|Any CPU
		{FC09F02A-79BC-4FBB-C89D-258D68BF1ECC}.Debug|Any CPU.ActiveCfg = Debug|Any CPU
		{FC09F02A-79BC-4FBB-C89D-258D68BF1ECC}.Debug|Any CPU.Build.0 = Debug|Any CPU
		{FC09F02A-79BC-4FBB-C89D-258D68BF1ECC}.Release|Any CPU.ActiveCfg = Release|Any CPU
		{FC09F02A-79BC-4FBB-C89D-258D68BF1ECC}.Release|Any CPU.Build.0 = Release|Any CPU
		{70066E0F-089D-7753-00C6-27E81E6CBAC5}.Debug|Any CPU.ActiveCfg = Debug|Any CPU
		{70066E0F-089D-7753-00C6-27E81E6CBAC5}.Debug|Any CPU.Build.0 = Debug|Any CPU
		{70066E0F-089D-7753-00C6-27E81E6CBAC5}.Release|Any CPU.ActiveCfg = Release|Any CPU
		{70066E0F-089D-7753-00C6-27E81E6CBAC5}.Release|Any CPU.Build.0 = Release|Any CPU
		{2D6EA986-90E8-A695-E117-23A715817833}.Debug|Any CPU.ActiveCfg = Debug|Any CPU
		{2D6EA986-90E8-A695-E117-23A715817833}.Debug|Any CPU.Build.0 = Debug|Any CPU
		{2D6EA986-90E8-A695-E117-23A715817833}.Release|Any CPU.ActiveCfg = Release|Any CPU
		{2D6EA986-90E8-A695-E117-23A715817833}.Release|Any CPU.Build.0 = Release|Any CPU
		{0A669BF3-E52F-8D38-39AC-0B4099E45BB6}.Debug|Any CPU.ActiveCfg = Debug|Any CPU
		{0A669BF3-E52F-8D38-39AC-0B4099E45BB6}.Debug|Any CPU.Build.0 = Debug|Any CPU
		{0A669BF3-E52F-8D38-39AC-0B4099E45BB6}.Release|Any CPU.ActiveCfg = Release|Any CPU
		{0A669BF3-E52F-8D38-39AC-0B4099E45BB6}.Release|Any CPU.Build.0 = Release|Any CPU
		{6066E543-6188-A440-E372-875A7F02E00F}.Debug|Any CPU.ActiveCfg = Debug|Any CPU
		{6066E543-6188-A440-E372-875A7F02E00F}.Debug|Any CPU.Build.0 = Debug|Any CPU
		{6066E543-6188-A440-E372-875A7F02E00F}.Release|Any CPU.ActiveCfg = Release|Any CPU
		{6066E543-6188-A440-E372-875A7F02E00F}.Release|Any CPU.Build.0 = Release|Any CPU
	EndGlobalSection
	GlobalSection(SolutionProperties) = preSolution
		HideSolutionNode = FALSE
	EndGlobalSection
EndGlobal
